
Microsoft Visual Studio Solution File, Format Version 12.00
# Visual Studio 15
VisualStudioVersion = 15.0.28307.438
MinimumVisualStudioVersion = 10.0.40219.1
Project("{8BC9CEB8-8B4A-11D0-8D11-00A0C91BC942}") = "AlgoStd", "AlgoStd\AlgoStd.vcxproj", "{D77F8BB2-AC56-477F-9278-9639ED6F59D8}"
EndProject
Global
	GlobalSection(SolutionConfigurationPlatforms) = preSolution
		Debug|x64 = Debug|x64
		Debug|x86 = Debug|x86
		Release|x64 = Release|x64
		Release|x86 = Release|x86
	EndGlobalSection
	GlobalSection(ProjectConfigurationPlatforms) = postSolution
		{D77F8BB2-AC56-477F-9278-9639ED6F59D8}.Debug|x64.ActiveCfg = Debug|x64
		{D77F8BB2-AC56-477F-9278-9639ED6F59D8}.Debug|x64.Build.0 = Debug|x64
		{D77F8BB2-AC56-477F-9278-9639ED6F59D8}.Debug|x86.ActiveCfg = Debug|Win32
		{D77F8BB2-AC56-477F-9278-9639ED6F59D8}.Debug|x86.Build.0 = Debug|Win32
		{D77F8BB2-AC56-477F-9278-9639ED6F59D8}.Release|x64.ActiveCfg = Release|x64
		{D77F8BB2-AC56-477F-9278-9639ED6F59D8}.Release|x64.Build.0 = Release|x64
		{D77F8BB2-AC56-477F-9278-9639ED6F59D8}.Release|x86.ActiveCfg = Release|Win32
		{D77F8BB2-AC56-477F-9278-9639ED6F59D8}.Release|x86.Build.0 = Release|Win32
	EndGlobalSection
	GlobalSection(SolutionProperties) = preSolution
		HideSolutionNode = FALSE
	EndGlobalSection
	GlobalSection(ExtensibilityGlobals) = postSolution
		SolutionGuid = {08E0606C-E8F5-40AA-9F6F-33C567DEB3C6}
	EndGlobalSection
EndGlobal
